
Microsoft Visual Studio Solution File, Format Version 12.00
# Visual Studio 15
VisualStudioVersion = 15.0.33026.149
MinimumVisualStudioVersion = 10.0.40219.1
Project("{FAE04EC0-301F-11D3-BF4B-00C04F79EFBC}") = "FinalProject", "FinalProject\FinalProject.csproj", "{155292E4-5803-4396-AB1E-DC857FD7B404}"
EndProject
Global
	GlobalSection(SolutionConfigurationPlatforms) = preSolution
		Debug|Any CPU = Debug|Any CPU
		Release|Any CPU = Release|Any CPU
	EndGlobalSection
	GlobalSection(ProjectConfigurationPlatforms) = postSolution
		{155292E4-5803-4396-AB1E-DC857FD7B404}.Debug|Any CPU.ActiveCfg = Debug|Any CPU
		{155292E4-5803-4396-AB1E-DC857FD7B404}.Debug|Any CPU.Build.0 = Debug|Any CPU
		{155292E4-5803-4396-AB1E-DC857FD7B404}.Release|Any CPU.ActiveCfg = Release|Any CPU
		{155292E4-5803-4396-AB1E-DC857FD7B404}.Release|Any CPU.Build.0 = Release|Any CPU
	EndGlobalSection
	GlobalSection(SolutionProperties) = preSolution
		HideSolutionNode = FALSE
	EndGlobalSection
	GlobalSection(ExtensibilityGlobals) = postSolution
		SolutionGuid = {090CFDB4-1CBF-4736-B610-353748EDE77D}
	EndGlobalSection
EndGlobal
